// !$*UTF8*$!
{
	archiveVersion = 1;
	classes = {
	};
	objectVersion = 54;
	objects = {

/* Begin PBXBuildFile section */
		00E356F31AD99517003FC87E /* SnakSnak16642Tests.m in Sources */ = {isa = PBXBuildFile; fileRef = 00E356F21AD99517003FC87E /* SnakSnak16642Tests.m */; };
		057549B986194ECB8B76EB6E /* OpenSans_SemiCondensed-MediumItalic.ttf in Resources */ = {isa = PBXBuildFile; fileRef = 69E5BAB5EACC479893B217AB /* OpenSans_SemiCondensed-MediumItalic.ttf */; };
		07B815CDB6D24488AC77CCCA /* OpenSans_SemiCondensed-LightItalic.ttf in Resources */ = {isa = PBXBuildFile; fileRef = B2ED3225960248E88A0AD117 /* OpenSans_SemiCondensed-LightItalic.ttf */; };
		0C80B921A6F3F58F76C31292 /* libPods-SnakSnak16642.a in Frameworks */ = {isa = PBXBuildFile; fileRef = 5DCACB8F33CDC322A6C60F78 /* libPods-SnakSnak16642.a */; };
		0ECC5F14F276400082E77D65 /* OpenSans_Condensed-BoldItalic.ttf in Resources */ = {isa = PBXBuildFile; fileRef = B642DBCC51364015A226B986 /* OpenSans_Condensed-BoldItalic.ttf */; };
		1311AEFA471E491984394BE5 /* OpenSans_SemiCondensed-SemiBoldItalic.ttf in Resources */ = {isa = PBXBuildFile; fileRef = 78C0B389ED87484EBB27147C /* OpenSans_SemiCondensed-SemiBoldItalic.ttf */; };
		13B07FBC1A68108700A75B9A /* AppDelegate.mm in Sources */ = {isa = PBXBuildFile; fileRef = 13B07FB01A68108700A75B9A /* AppDelegate.mm */; };
		13B07FBF1A68108700A75B9A /* Images.xcassets in Resources */ = {isa = PBXBuildFile; fileRef = 13B07FB51A68108700A75B9A /* Images.xcassets */; };
		13B07FC11A68108700A75B9A /* main.m in Sources */ = {isa = PBXBuildFile; fileRef = 13B07FB71A68108700A75B9A /* main.m */; };
		1E7A171470E24E74B5D222F4 /* OpenSans_SemiCondensed-Regular.ttf in Resources */ = {isa = PBXBuildFile; fileRef = 26053934AEA746D991A52D69 /* OpenSans_SemiCondensed-Regular.ttf */; };
		24E29A1352974065811779D5 /* OpenSans_Condensed-LightItalic.ttf in Resources */ = {isa = PBXBuildFile; fileRef = 9E84123E5BF64ECD92D19095 /* OpenSans_Condensed-LightItalic.ttf */; };
		25A62AE11B7B45E1AD0F9C7F /* OpenSans_Condensed-SemiBoldItalic.ttf in Resources */ = {isa = PBXBuildFile; fileRef = B02F9CA658F34FD393FC7ED9 /* OpenSans_Condensed-SemiBoldItalic.ttf */; };
		390933FA47D148E5986C9CFF /* OpenSans-Regular.ttf in Resources */ = {isa = PBXBuildFile; fileRef = 1670699D4F4443059942A63E /* OpenSans-Regular.ttf */; };
		4AAD2D44E85744DBB0333F1D /* OpenSans_Condensed-ExtraBoldItalic.ttf in Resources */ = {isa = PBXBuildFile; fileRef = 7511FE790DBD459297AF014C /* OpenSans_Condensed-ExtraBoldItalic.ttf */; };
		55498B2221904B689703B09E /* OpenSans_SemiCondensed-SemiBold.ttf in Resources */ = {isa = PBXBuildFile; fileRef = 950D6E8870414FE9B051BAE9 /* OpenSans_SemiCondensed-SemiBold.ttf */; };
		57E84E02FF0A43329F0267CA /* OpenSans-LightItalic.ttf in Resources */ = {isa = PBXBuildFile; fileRef = 95444591DFEB47C3B75FCED4 /* OpenSans-LightItalic.ttf */; };
		61E57AE311A1408BA84070AF /* OpenSans-Light.ttf in Resources */ = {isa = PBXBuildFile; fileRef = 35185A656DD3415E994EC9A6 /* OpenSans-Light.ttf */; };
		6486D86019114135A93B2442 /* OpenSans-ExtraBold.ttf in Resources */ = {isa = PBXBuildFile; fileRef = 0FB995ACE4D0422EAF85D18A /* OpenSans-ExtraBold.ttf */; };
		6AFB1528CCC7432A87239214 /* OpenSans_Condensed-Italic.ttf in Resources */ = {isa = PBXBuildFile; fileRef = 816650FDFA7C4F378374A2C7 /* OpenSans_Condensed-Italic.ttf */; };
		6B6651120EAD44A797E6EA0A /* OpenSans_SemiCondensed-Light.ttf in Resources */ = {isa = PBXBuildFile; fileRef = 8D6C70DAEBA64A5595C61906 /* OpenSans_SemiCondensed-Light.ttf */; };
		6CB4DDAEEAE04EC5A94795F7 /* OpenSans_Condensed-Bold.ttf in Resources */ = {isa = PBXBuildFile; fileRef = 806657C9DE2247068D3AA218 /* OpenSans_Condensed-Bold.ttf */; };
		7156CF12E5DE41E8BD960D1C /* OpenSans-SemiBoldItalic.ttf in Resources */ = {isa = PBXBuildFile; fileRef = 56084371EF1C42D0B9A280BE /* OpenSans-SemiBoldItalic.ttf */; };
		724C20C138E5476B893102AF /* OpenSans-ExtraBoldItalic.ttf in Resources */ = {isa = PBXBuildFile; fileRef = 22168B4B300A405D908BA1F4 /* OpenSans-ExtraBoldItalic.ttf */; };
		72ACCE3449CD47BAA1A28FF5 /* OpenSans_Condensed-SemiBold.ttf in Resources */ = {isa = PBXBuildFile; fileRef = FF87C4DA322D4C5AB25BF333 /* OpenSans_Condensed-SemiBold.ttf */; };
		7699B88040F8A987B510C191 /* libPods-SnakSnak16642-SnakSnak16642Tests.a in Frameworks */ = {isa = PBXBuildFile; fileRef = 19F6CBCC0A4E27FBF8BF4A61 /* libPods-SnakSnak16642-SnakSnak16642Tests.a */; };
		81AB9BB82411601600AC10FF /* LaunchScreen.storyboard in Resources */ = {isa = PBXBuildFile; fileRef = 81AB9BB72411601600AC10FF /* LaunchScreen.storyboard */; };
		88D65DD4F05E4043ACB2208B /* OpenSans_SemiCondensed-Medium.ttf in Resources */ = {isa = PBXBuildFile; fileRef = 964EC0C7611B43F19573B0A1 /* OpenSans_SemiCondensed-Medium.ttf */; };
		93A7ACCE9428491FA7415C78 /* OpenSans_Condensed-Medium.ttf in Resources */ = {isa = PBXBuildFile; fileRef = 699F69DC4FD2420A85A3988D /* OpenSans_Condensed-Medium.ttf */; };
		945BF191D0284CE69CC4ADC8 /* OpenSans-SemiBold.ttf in Resources */ = {isa = PBXBuildFile; fileRef = 4D6D20A7699C431EBE515D03 /* OpenSans-SemiBold.ttf */; };
		96B32CB8382045808059BD54 /* OpenSans-Italic.ttf in Resources */ = {isa = PBXBuildFile; fileRef = 624295F8AD9C4B38A0017E03 /* OpenSans-Italic.ttf */; };
		A16595DEF0AC41318FCBB4A6 /* OpenSans-VariableFont_wdth,wght.ttf in Resources */ = {isa = PBXBuildFile; fileRef = 61EB0AF582B84976A381575A /* OpenSans-VariableFont_wdth,wght.ttf */; };
		BBB1955C35FB489B8A56F447 /* OpenSans-BoldItalic.ttf in Resources */ = {isa = PBXBuildFile; fileRef = F8AE7901DF5D4421A29BB26F /* OpenSans-BoldItalic.ttf */; };
		BBF15C23B9424520AD7A2C20 /* OpenSans-Medium.ttf in Resources */ = {isa = PBXBuildFile; fileRef = 7A9523609CAD4C4A941887C4 /* OpenSans-Medium.ttf */; };
		C1726B6418BF4E578426C600 /* OpenSans_SemiCondensed-ExtraBoldItalic.ttf in Resources */ = {isa = PBXBuildFile; fileRef = 09CEEDAB4F724AE7AC1BB109 /* OpenSans_SemiCondensed-ExtraBoldItalic.ttf */; };
		C81AE6D0B8CF484DBB4975B3 /* OpenSans_Condensed-MediumItalic.ttf in Resources */ = {isa = PBXBuildFile; fileRef = 9A5275F8AF3B44F8A9490510 /* OpenSans_Condensed-MediumItalic.ttf */; };
		C8D3168161EE446B896CF898 /* OpenSans_SemiCondensed-ExtraBold.ttf in Resources */ = {isa = PBXBuildFile; fileRef = 9D3A05ABEE504D03955F6FD4 /* OpenSans_SemiCondensed-ExtraBold.ttf */; };
		CB4F9656CCF04D02883A7132 /* OpenSans-Bold.ttf in Resources */ = {isa = PBXBuildFile; fileRef = 50F60430B6CB413EAB27AD24 /* OpenSans-Bold.ttf */; };
		D38D9B35B4B44E4DB74059B9 /* OpenSans_SemiCondensed-BoldItalic.ttf in Resources */ = {isa = PBXBuildFile; fileRef = BDCA3E7E7F7A4A86A8DFDDEA /* OpenSans_SemiCondensed-BoldItalic.ttf */; };
		DD3AADC057704FC39FE4935D /* OpenSans_SemiCondensed-Bold.ttf in Resources */ = {isa = PBXBuildFile; fileRef = 2F7B22AC7D7842088338F383 /* OpenSans_SemiCondensed-Bold.ttf */; };
		E1C2115AD4124112B2B6D647 /* OpenSans_SemiCondensed-Italic.ttf in Resources */ = {isa = PBXBuildFile; fileRef = 0F8E54B50AF44796B2726B29 /* OpenSans_SemiCondensed-Italic.ttf */; };
		E5500AE8A21D4924A434CA8C /* OpenSans-Italic-VariableFont_wdth,wght.ttf in Resources */ = {isa = PBXBuildFile; fileRef = 1D78C642134C49ED9214F604 /* OpenSans-Italic-VariableFont_wdth,wght.ttf */; };
		E6789A48487040F794994733 /* OpenSans_Condensed-Regular.ttf in Resources */ = {isa = PBXBuildFile; fileRef = 5C385673AF1149C9841580BC /* OpenSans_Condensed-Regular.ttf */; };
		EC585A3BF6E8490CB0F19337 /* OpenSans_Condensed-Light.ttf in Resources */ = {isa = PBXBuildFile; fileRef = A5F09E81EBFF4B9AB79AB4D4 /* OpenSans_Condensed-Light.ttf */; };
		EDD0A52238014C93B1877A3E /* OpenSans-MediumItalic.ttf in Resources */ = {isa = PBXBuildFile; fileRef = FA6CBC70DC5A497CBB746A7E /* OpenSans-MediumItalic.ttf */; };
		FFC512DA12AE4E9BA0D891D4 /* OpenSans_Condensed-ExtraBold.ttf in Resources */ = {isa = PBXBuildFile; fileRef = D1DB2F8565DD4D23A8B0DEAC /* OpenSans_Condensed-ExtraBold.ttf */; };
/* End PBXBuildFile section */

/* Begin PBXContainerItemProxy section */
		00E356F41AD99517003FC87E /* PBXContainerItemProxy */ = {
			isa = PBXContainerItemProxy;
			containerPortal = 83CBB9F71A601CBA00E9B192 /* Project object */;
			proxyType = 1;
			remoteGlobalIDString = 13B07F861A680F5B00A75B9A;
			remoteInfo = SnakSnak16642;
		};
/* End PBXContainerItemProxy section */

/* Begin PBXFileReference section */
		00E356EE1AD99517003FC87E /* SnakSnak16642Tests.xctest */ = {isa = PBXFileReference; explicitFileType = wrapper.cfbundle; includeInIndex = 0; path = SnakSnak16642Tests.xctest; sourceTree = BUILT_PRODUCTS_DIR; };
		00E356F11AD99517003FC87E /* Info.plist */ = {isa = PBXFileReference; lastKnownFileType = text.plist.xml; path = Info.plist; sourceTree = "<group>"; };
		00E356F21AD99517003FC87E /* SnakSnak16642Tests.m */ = {isa = PBXFileReference; lastKnownFileType = sourcecode.c.objc; path = SnakSnak16642Tests.m; sourceTree = "<group>"; };
		09CEEDAB4F724AE7AC1BB109 /* OpenSans_SemiCondensed-ExtraBoldItalic.ttf */ = {isa = PBXFileReference; explicitFileType = undefined; fileEncoding = undefined; includeInIndex = 0; lastKnownFileType = unknown; name = "OpenSans_SemiCondensed-ExtraBoldItalic.ttf"; path = "../src/assets/fonts/Open_Sans/static/OpenSans_SemiCondensed/OpenSans_SemiCondensed-ExtraBoldItalic.ttf"; sourceTree = "<group>"; };
		0F8E54B50AF44796B2726B29 /* OpenSans_SemiCondensed-Italic.ttf */ = {isa = PBXFileReference; explicitFileType = undefined; fileEncoding = undefined; includeInIndex = 0; lastKnownFileType = unknown; name = "OpenSans_SemiCondensed-Italic.ttf"; path = "../src/assets/fonts/Open_Sans/static/OpenSans_SemiCondensed/OpenSans_SemiCondensed-Italic.ttf"; sourceTree = "<group>"; };
		0FB995ACE4D0422EAF85D18A /* OpenSans-ExtraBold.ttf */ = {isa = PBXFileReference; explicitFileType = undefined; fileEncoding = undefined; includeInIndex = 0; lastKnownFileType = unknown; name = "OpenSans-ExtraBold.ttf"; path = "../src/assets/fonts/Open_Sans/static/OpenSans/OpenSans-ExtraBold.ttf"; sourceTree = "<group>"; };
		13B07F961A680F5B00A75B9A /* SnakSnak16642.app */ = {isa = PBXFileReference; explicitFileType = wrapper.application; includeInIndex = 0; path = SnakSnak16642.app; sourceTree = BUILT_PRODUCTS_DIR; };
		13B07FAF1A68108700A75B9A /* AppDelegate.h */ = {isa = PBXFileReference; fileEncoding = 4; lastKnownFileType = sourcecode.c.h; name = AppDelegate.h; path = SnakSnak16642/AppDelegate.h; sourceTree = "<group>"; };
		13B07FB01A68108700A75B9A /* AppDelegate.mm */ = {isa = PBXFileReference; fileEncoding = 4; lastKnownFileType = sourcecode.cpp.objcpp; name = AppDelegate.mm; path = SnakSnak16642/AppDelegate.mm; sourceTree = "<group>"; };
		13B07FB51A68108700A75B9A /* Images.xcassets */ = {isa = PBXFileReference; lastKnownFileType = folder.assetcatalog; name = Images.xcassets; path = SnakSnak16642/Images.xcassets; sourceTree = "<group>"; };
		13B07FB61A68108700A75B9A /* Info.plist */ = {isa = PBXFileReference; fileEncoding = 4; lastKnownFileType = text.plist.xml; name = Info.plist; path = SnakSnak16642/Info.plist; sourceTree = "<group>"; };
		13B07FB71A68108700A75B9A /* main.m */ = {isa = PBXFileReference; fileEncoding = 4; lastKnownFileType = sourcecode.c.objc; name = main.m; path = SnakSnak16642/main.m; sourceTree = "<group>"; };
		1670699D4F4443059942A63E /* OpenSans-Regular.ttf */ = {isa = PBXFileReference; explicitFileType = undefined; fileEncoding = undefined; includeInIndex = 0; lastKnownFileType = unknown; name = "OpenSans-Regular.ttf"; path = "../src/assets/fonts/Open_Sans/static/OpenSans/OpenSans-Regular.ttf"; sourceTree = "<group>"; };
		19F6CBCC0A4E27FBF8BF4A61 /* libPods-SnakSnak16642-SnakSnak16642Tests.a */ = {isa = PBXFileReference; explicitFileType = archive.ar; includeInIndex = 0; path = "libPods-SnakSnak16642-SnakSnak16642Tests.a"; sourceTree = BUILT_PRODUCTS_DIR; };
		1D78C642134C49ED9214F604 /* OpenSans-Italic-VariableFont_wdth,wght.ttf */ = {isa = PBXFileReference; explicitFileType = undefined; fileEncoding = undefined; includeInIndex = 0; lastKnownFileType = unknown; name = "OpenSans-Italic-VariableFont_wdth,wght.ttf"; path = "../src/assets/fonts/Open_Sans/OpenSans-Italic-VariableFont_wdth,wght.ttf"; sourceTree = "<group>"; };
		22168B4B300A405D908BA1F4 /* OpenSans-ExtraBoldItalic.ttf */ = {isa = PBXFileReference; explicitFileType = undefined; fileEncoding = undefined; includeInIndex = 0; lastKnownFileType = unknown; name = "OpenSans-ExtraBoldItalic.ttf"; path = "../src/assets/fonts/Open_Sans/static/OpenSans/OpenSans-ExtraBoldItalic.ttf"; sourceTree = "<group>"; };
		26053934AEA746D991A52D69 /* OpenSans_SemiCondensed-Regular.ttf */ = {isa = PBXFileReference; explicitFileType = undefined; fileEncoding = undefined; includeInIndex = 0; lastKnownFileType = unknown; name = "OpenSans_SemiCondensed-Regular.ttf"; path = "../src/assets/fonts/Open_Sans/static/OpenSans_SemiCondensed/OpenSans_SemiCondensed-Regular.ttf"; sourceTree = "<group>"; };
		2F7B22AC7D7842088338F383 /* OpenSans_SemiCondensed-Bold.ttf */ = {isa = PBXFileReference; explicitFileType = undefined; fileEncoding = undefined; includeInIndex = 0; lastKnownFileType = unknown; name = "OpenSans_SemiCondensed-Bold.ttf"; path = "../src/assets/fonts/Open_Sans/static/OpenSans_SemiCondensed/OpenSans_SemiCondensed-Bold.ttf"; sourceTree = "<group>"; };
		35185A656DD3415E994EC9A6 /* OpenSans-Light.ttf */ = {isa = PBXFileReference; explicitFileType = undefined; fileEncoding = undefined; includeInIndex = 0; lastKnownFileType = unknown; name = "OpenSans-Light.ttf"; path = "../src/assets/fonts/Open_Sans/static/OpenSans/OpenSans-Light.ttf"; sourceTree = "<group>"; };
		3B4392A12AC88292D35C810B /* Pods-SnakSnak16642.debug.xcconfig */ = {isa = PBXFileReference; includeInIndex = 1; lastKnownFileType = text.xcconfig; name = "Pods-SnakSnak16642.debug.xcconfig"; path = "Target Support Files/Pods-SnakSnak16642/Pods-SnakSnak16642.debug.xcconfig"; sourceTree = "<group>"; };
		4D6D20A7699C431EBE515D03 /* OpenSans-SemiBold.ttf */ = {isa = PBXFileReference; explicitFileType = undefined; fileEncoding = undefined; includeInIndex = 0; lastKnownFileType = unknown; name = "OpenSans-SemiBold.ttf"; path = "../src/assets/fonts/Open_Sans/static/OpenSans/OpenSans-SemiBold.ttf"; sourceTree = "<group>"; };
		50F60430B6CB413EAB27AD24 /* OpenSans-Bold.ttf */ = {isa = PBXFileReference; explicitFileType = undefined; fileEncoding = undefined; includeInIndex = 0; lastKnownFileType = unknown; name = "OpenSans-Bold.ttf"; path = "../src/assets/fonts/Open_Sans/static/OpenSans/OpenSans-Bold.ttf"; sourceTree = "<group>"; };
		56084371EF1C42D0B9A280BE /* OpenSans-SemiBoldItalic.ttf */ = {isa = PBXFileReference; explicitFileType = undefined; fileEncoding = undefined; includeInIndex = 0; lastKnownFileType = unknown; name = "OpenSans-SemiBoldItalic.ttf"; path = "../src/assets/fonts/Open_Sans/static/OpenSans/OpenSans-SemiBoldItalic.ttf"; sourceTree = "<group>"; };
		5709B34CF0A7D63546082F79 /* Pods-SnakSnak16642.release.xcconfig */ = {isa = PBXFileReference; includeInIndex = 1; lastKnownFileType = text.xcconfig; name = "Pods-SnakSnak16642.release.xcconfig"; path = "Target Support Files/Pods-SnakSnak16642/Pods-SnakSnak16642.release.xcconfig"; sourceTree = "<group>"; };
		5B7EB9410499542E8C5724F5 /* Pods-SnakSnak16642-SnakSnak16642Tests.debug.xcconfig */ = {isa = PBXFileReference; includeInIndex = 1; lastKnownFileType = text.xcconfig; name = "Pods-SnakSnak16642-SnakSnak16642Tests.debug.xcconfig"; path = "Target Support Files/Pods-SnakSnak16642-SnakSnak16642Tests/Pods-SnakSnak16642-SnakSnak16642Tests.debug.xcconfig"; sourceTree = "<group>"; };
		5C385673AF1149C9841580BC /* OpenSans_Condensed-Regular.ttf */ = {isa = PBXFileReference; explicitFileType = undefined; fileEncoding = undefined; includeInIndex = 0; lastKnownFileType = unknown; name = "OpenSans_Condensed-Regular.ttf"; path = "../src/assets/fonts/Open_Sans/static/OpenSans_Condensed/OpenSans_Condensed-Regular.ttf"; sourceTree = "<group>"; };
		5DCACB8F33CDC322A6C60F78 /* libPods-SnakSnak16642.a */ = {isa = PBXFileReference; explicitFileType = archive.ar; includeInIndex = 0; path = "libPods-SnakSnak16642.a"; sourceTree = BUILT_PRODUCTS_DIR; };
		61EB0AF582B84976A381575A /* OpenSans-VariableFont_wdth,wght.ttf */ = {isa = PBXFileReference; explicitFileType = undefined; fileEncoding = undefined; includeInIndex = 0; lastKnownFileType = unknown; name = "OpenSans-VariableFont_wdth,wght.ttf"; path = "../src/assets/fonts/Open_Sans/OpenSans-VariableFont_wdth,wght.ttf"; sourceTree = "<group>"; };
		624295F8AD9C4B38A0017E03 /* OpenSans-Italic.ttf */ = {isa = PBXFileReference; explicitFileType = undefined; fileEncoding = undefined; includeInIndex = 0; lastKnownFileType = unknown; name = "OpenSans-Italic.ttf"; path = "../src/assets/fonts/Open_Sans/static/OpenSans/OpenSans-Italic.ttf"; sourceTree = "<group>"; };
		699F69DC4FD2420A85A3988D /* OpenSans_Condensed-Medium.ttf */ = {isa = PBXFileReference; explicitFileType = undefined; fileEncoding = undefined; includeInIndex = 0; lastKnownFileType = unknown; name = "OpenSans_Condensed-Medium.ttf"; path = "../src/assets/fonts/Open_Sans/static/OpenSans_Condensed/OpenSans_Condensed-Medium.ttf"; sourceTree = "<group>"; };
		69E5BAB5EACC479893B217AB /* OpenSans_SemiCondensed-MediumItalic.ttf */ = {isa = PBXFileReference; explicitFileType = undefined; fileEncoding = undefined; includeInIndex = 0; lastKnownFileType = unknown; name = "OpenSans_SemiCondensed-MediumItalic.ttf"; path = "../src/assets/fonts/Open_Sans/static/OpenSans_SemiCondensed/OpenSans_SemiCondensed-MediumItalic.ttf"; sourceTree = "<group>"; };
		7511FE790DBD459297AF014C /* OpenSans_Condensed-ExtraBoldItalic.ttf */ = {isa = PBXFileReference; explicitFileType = undefined; fileEncoding = undefined; includeInIndex = 0; lastKnownFileType = unknown; name = "OpenSans_Condensed-ExtraBoldItalic.ttf"; path = "../src/assets/fonts/Open_Sans/static/OpenSans_Condensed/OpenSans_Condensed-ExtraBoldItalic.ttf"; sourceTree = "<group>"; };
		78C0B389ED87484EBB27147C /* OpenSans_SemiCondensed-SemiBoldItalic.ttf */ = {isa = PBXFileReference; explicitFileType = undefined; fileEncoding = undefined; includeInIndex = 0; lastKnownFileType = unknown; name = "OpenSans_SemiCondensed-SemiBoldItalic.ttf"; path = "../src/assets/fonts/Open_Sans/static/OpenSans_SemiCondensed/OpenSans_SemiCondensed-SemiBoldItalic.ttf"; sourceTree = "<group>"; };
		7A9523609CAD4C4A941887C4 /* OpenSans-Medium.ttf */ = {isa = PBXFileReference; explicitFileType = undefined; fileEncoding = undefined; includeInIndex = 0; lastKnownFileType = unknown; name = "OpenSans-Medium.ttf"; path = "../src/assets/fonts/Open_Sans/static/OpenSans/OpenSans-Medium.ttf"; sourceTree = "<group>"; };
		806657C9DE2247068D3AA218 /* OpenSans_Condensed-Bold.ttf */ = {isa = PBXFileReference; explicitFileType = undefined; fileEncoding = undefined; includeInIndex = 0; lastKnownFileType = unknown; name = "OpenSans_Condensed-Bold.ttf"; path = "../src/assets/fonts/Open_Sans/static/OpenSans_Condensed/OpenSans_Condensed-Bold.ttf"; sourceTree = "<group>"; };
		816650FDFA7C4F378374A2C7 /* OpenSans_Condensed-Italic.ttf */ = {isa = PBXFileReference; explicitFileType = undefined; fileEncoding = undefined; includeInIndex = 0; lastKnownFileType = unknown; name = "OpenSans_Condensed-Italic.ttf"; path = "../src/assets/fonts/Open_Sans/static/OpenSans_Condensed/OpenSans_Condensed-Italic.ttf"; sourceTree = "<group>"; };
		81AB9BB72411601600AC10FF /* LaunchScreen.storyboard */ = {isa = PBXFileReference; fileEncoding = 4; lastKnownFileType = file.storyboard; name = LaunchScreen.storyboard; path = SnakSnak16642/LaunchScreen.storyboard; sourceTree = "<group>"; };
		89C6BE57DB24E9ADA2F236DE /* Pods-SnakSnak16642-SnakSnak16642Tests.release.xcconfig */ = {isa = PBXFileReference; includeInIndex = 1; lastKnownFileType = text.xcconfig; name = "Pods-SnakSnak16642-SnakSnak16642Tests.release.xcconfig"; path = "Target Support Files/Pods-SnakSnak16642-SnakSnak16642Tests/Pods-SnakSnak16642-SnakSnak16642Tests.release.xcconfig"; sourceTree = "<group>"; };
		8D6C70DAEBA64A5595C61906 /* OpenSans_SemiCondensed-Light.ttf */ = {isa = PBXFileReference; explicitFileType = undefined; fileEncoding = undefined; includeInIndex = 0; lastKnownFileType = unknown; name = "OpenSans_SemiCondensed-Light.ttf"; path = "../src/assets/fonts/Open_Sans/static/OpenSans_SemiCondensed/OpenSans_SemiCondensed-Light.ttf"; sourceTree = "<group>"; };
		950D6E8870414FE9B051BAE9 /* OpenSans_SemiCondensed-SemiBold.ttf */ = {isa = PBXFileReference; explicitFileType = undefined; fileEncoding = undefined; includeInIndex = 0; lastKnownFileType = unknown; name = "OpenSans_SemiCondensed-SemiBold.ttf"; path = "../src/assets/fonts/Open_Sans/static/OpenSans_SemiCondensed/OpenSans_SemiCondensed-SemiBold.ttf"; sourceTree = "<group>"; };
		95444591DFEB47C3B75FCED4 /* OpenSans-LightItalic.ttf */ = {isa = PBXFileReference; explicitFileType = undefined; fileEncoding = undefined; includeInIndex = 0; lastKnownFileType = unknown; name = "OpenSans-LightItalic.ttf"; path = "../src/assets/fonts/Open_Sans/static/OpenSans/OpenSans-LightItalic.ttf"; sourceTree = "<group>"; };
		964EC0C7611B43F19573B0A1 /* OpenSans_SemiCondensed-Medium.ttf */ = {isa = PBXFileReference; explicitFileType = undefined; fileEncoding = undefined; includeInIndex = 0; lastKnownFileType = unknown; name = "OpenSans_SemiCondensed-Medium.ttf"; path = "../src/assets/fonts/Open_Sans/static/OpenSans_SemiCondensed/OpenSans_SemiCondensed-Medium.ttf"; sourceTree = "<group>"; };
		9A5275F8AF3B44F8A9490510 /* OpenSans_Condensed-MediumItalic.ttf */ = {isa = PBXFileReference; explicitFileType = undefined; fileEncoding = undefined; includeInIndex = 0; lastKnownFileType = unknown; name = "OpenSans_Condensed-MediumItalic.ttf"; path = "../src/assets/fonts/Open_Sans/static/OpenSans_Condensed/OpenSans_Condensed-MediumItalic.ttf"; sourceTree = "<group>"; };
		9D3A05ABEE504D03955F6FD4 /* OpenSans_SemiCondensed-ExtraBold.ttf */ = {isa = PBXFileReference; explicitFileType = undefined; fileEncoding = undefined; includeInIndex = 0; lastKnownFileType = unknown; name = "OpenSans_SemiCondensed-ExtraBold.ttf"; path = "../src/assets/fonts/Open_Sans/static/OpenSans_SemiCondensed/OpenSans_SemiCondensed-ExtraBold.ttf"; sourceTree = "<group>"; };
		9E84123E5BF64ECD92D19095 /* OpenSans_Condensed-LightItalic.ttf */ = {isa = PBXFileReference; explicitFileType = undefined; fileEncoding = undefined; includeInIndex = 0; lastKnownFileType = unknown; name = "OpenSans_Condensed-LightItalic.ttf"; path = "../src/assets/fonts/Open_Sans/static/OpenSans_Condensed/OpenSans_Condensed-LightItalic.ttf"; sourceTree = "<group>"; };
		A5F09E81EBFF4B9AB79AB4D4 /* OpenSans_Condensed-Light.ttf */ = {isa = PBXFileReference; explicitFileType = undefined; fileEncoding = undefined; includeInIndex = 0; lastKnownFileType = unknown; name = "OpenSans_Condensed-Light.ttf"; path = "../src/assets/fonts/Open_Sans/static/OpenSans_Condensed/OpenSans_Condensed-Light.ttf"; sourceTree = "<group>"; };
		B02F9CA658F34FD393FC7ED9 /* OpenSans_Condensed-SemiBoldItalic.ttf */ = {isa = PBXFileReference; explicitFileType = undefined; fileEncoding = undefined; includeInIndex = 0; lastKnownFileType = unknown; name = "OpenSans_Condensed-SemiBoldItalic.ttf"; path = "../src/assets/fonts/Open_Sans/static/OpenSans_Condensed/OpenSans_Condensed-SemiBoldItalic.ttf"; sourceTree = "<group>"; };
		B2ED3225960248E88A0AD117 /* OpenSans_SemiCondensed-LightItalic.ttf */ = {isa = PBXFileReference; explicitFileType = undefined; fileEncoding = undefined; includeInIndex = 0; lastKnownFileType = unknown; name = "OpenSans_SemiCondensed-LightItalic.ttf"; path = "../src/assets/fonts/Open_Sans/static/OpenSans_SemiCondensed/OpenSans_SemiCondensed-LightItalic.ttf"; sourceTree = "<group>"; };
		B642DBCC51364015A226B986 /* OpenSans_Condensed-BoldItalic.ttf */ = {isa = PBXFileReference; explicitFileType = undefined; fileEncoding = undefined; includeInIndex = 0; lastKnownFileType = unknown; name = "OpenSans_Condensed-BoldItalic.ttf"; path = "../src/assets/fonts/Open_Sans/static/OpenSans_Condensed/OpenSans_Condensed-BoldItalic.ttf"; sourceTree = "<group>"; };
		BDCA3E7E7F7A4A86A8DFDDEA /* OpenSans_SemiCondensed-BoldItalic.ttf */ = {isa = PBXFileReference; explicitFileType = undefined; fileEncoding = undefined; includeInIndex = 0; lastKnownFileType = unknown; name = "OpenSans_SemiCondensed-BoldItalic.ttf"; path = "../src/assets/fonts/Open_Sans/static/OpenSans_SemiCondensed/OpenSans_SemiCondensed-BoldItalic.ttf"; sourceTree = "<group>"; };
		D1DB2F8565DD4D23A8B0DEAC /* OpenSans_Condensed-ExtraBold.ttf */ = {isa = PBXFileReference; explicitFileType = undefined; fileEncoding = undefined; includeInIndex = 0; lastKnownFileType = unknown; name = "OpenSans_Condensed-ExtraBold.ttf"; path = "../src/assets/fonts/Open_Sans/static/OpenSans_Condensed/OpenSans_Condensed-ExtraBold.ttf"; sourceTree = "<group>"; };
		ED297162215061F000B7C4FE /* JavaScriptCore.framework */ = {isa = PBXFileReference; lastKnownFileType = wrapper.framework; name = JavaScriptCore.framework; path = System/Library/Frameworks/JavaScriptCore.framework; sourceTree = SDKROOT; };
		F8AE7901DF5D4421A29BB26F /* OpenSans-BoldItalic.ttf */ = {isa = PBXFileReference; explicitFileType = undefined; fileEncoding = undefined; includeInIndex = 0; lastKnownFileType = unknown; name = "OpenSans-BoldItalic.ttf"; path = "../src/assets/fonts/Open_Sans/static/OpenSans/OpenSans-BoldItalic.ttf"; sourceTree = "<group>"; };
		FA6CBC70DC5A497CBB746A7E /* OpenSans-MediumItalic.ttf */ = {isa = PBXFileReference; explicitFileType = undefined; fileEncoding = undefined; includeInIndex = 0; lastKnownFileType = unknown; name = "OpenSans-MediumItalic.ttf"; path = "../src/assets/fonts/Open_Sans/static/OpenSans/OpenSans-MediumItalic.ttf"; sourceTree = "<group>"; };
		FF87C4DA322D4C5AB25BF333 /* OpenSans_Condensed-SemiBold.ttf */ = {isa = PBXFileReference; explicitFileType = undefined; fileEncoding = undefined; includeInIndex = 0; lastKnownFileType = unknown; name = "OpenSans_Condensed-SemiBold.ttf"; path = "../src/assets/fonts/Open_Sans/static/OpenSans_Condensed/OpenSans_Condensed-SemiBold.ttf"; sourceTree = "<group>"; };
/* End PBXFileReference section */

/* Begin PBXFrameworksBuildPhase section */
		00E356EB1AD99517003FC87E /* Frameworks */ = {
			isa = PBXFrameworksBuildPhase;
			buildActionMask = 2147483647;
			files = (
				7699B88040F8A987B510C191 /* libPods-SnakSnak16642-SnakSnak16642Tests.a in Frameworks */,
			);
			runOnlyForDeploymentPostprocessing = 0;
		};
		13B07F8C1A680F5B00A75B9A /* Frameworks */ = {
			isa = PBXFrameworksBuildPhase;
			buildActionMask = 2147483647;
			files = (
				0C80B921A6F3F58F76C31292 /* libPods-SnakSnak16642.a in Frameworks */,
			);
			runOnlyForDeploymentPostprocessing = 0;
		};
/* End PBXFrameworksBuildPhase section */

/* Begin PBXGroup section */
		00E356EF1AD99517003FC87E /* SnakSnak16642Tests */ = {
			isa = PBXGroup;
			children = (
				00E356F21AD99517003FC87E /* SnakSnak16642Tests.m */,
				00E356F01AD99517003FC87E /* Supporting Files */,
			);
			path = SnakSnak16642Tests;
			sourceTree = "<group>";
		};
		00E356F01AD99517003FC87E /* Supporting Files */ = {
			isa = PBXGroup;
			children = (
				00E356F11AD99517003FC87E /* Info.plist */,
			);
			name = "Supporting Files";
			sourceTree = "<group>";
		};
		13B07FAE1A68108700A75B9A /* SnakSnak16642 */ = {
			isa = PBXGroup;
			children = (
				13B07FAF1A68108700A75B9A /* AppDelegate.h */,
				13B07FB01A68108700A75B9A /* AppDelegate.mm */,
				13B07FB51A68108700A75B9A /* Images.xcassets */,
				13B07FB61A68108700A75B9A /* Info.plist */,
				81AB9BB72411601600AC10FF /* LaunchScreen.storyboard */,
				13B07FB71A68108700A75B9A /* main.m */,
			);
			name = SnakSnak16642;
			sourceTree = "<group>";
		};
		1B2B6A5538FF4ABE9534189E /* Resources */ = {
			isa = PBXGroup;
			children = (
				1D78C642134C49ED9214F604 /* OpenSans-Italic-VariableFont_wdth,wght.ttf */,
				61EB0AF582B84976A381575A /* OpenSans-VariableFont_wdth,wght.ttf */,
				806657C9DE2247068D3AA218 /* OpenSans_Condensed-Bold.ttf */,
				B642DBCC51364015A226B986 /* OpenSans_Condensed-BoldItalic.ttf */,
				D1DB2F8565DD4D23A8B0DEAC /* OpenSans_Condensed-ExtraBold.ttf */,
				7511FE790DBD459297AF014C /* OpenSans_Condensed-ExtraBoldItalic.ttf */,
				816650FDFA7C4F378374A2C7 /* OpenSans_Condensed-Italic.ttf */,
				A5F09E81EBFF4B9AB79AB4D4 /* OpenSans_Condensed-Light.ttf */,
				9E84123E5BF64ECD92D19095 /* OpenSans_Condensed-LightItalic.ttf */,
				699F69DC4FD2420A85A3988D /* OpenSans_Condensed-Medium.ttf */,
				9A5275F8AF3B44F8A9490510 /* OpenSans_Condensed-MediumItalic.ttf */,
				5C385673AF1149C9841580BC /* OpenSans_Condensed-Regular.ttf */,
				FF87C4DA322D4C5AB25BF333 /* OpenSans_Condensed-SemiBold.ttf */,
				B02F9CA658F34FD393FC7ED9 /* OpenSans_Condensed-SemiBoldItalic.ttf */,
				2F7B22AC7D7842088338F383 /* OpenSans_SemiCondensed-Bold.ttf */,
				BDCA3E7E7F7A4A86A8DFDDEA /* OpenSans_SemiCondensed-BoldItalic.ttf */,
				9D3A05ABEE504D03955F6FD4 /* OpenSans_SemiCondensed-ExtraBold.ttf */,
				09CEEDAB4F724AE7AC1BB109 /* OpenSans_SemiCondensed-ExtraBoldItalic.ttf */,
				0F8E54B50AF44796B2726B29 /* OpenSans_SemiCondensed-Italic.ttf */,
				8D6C70DAEBA64A5595C61906 /* OpenSans_SemiCondensed-Light.ttf */,
				B2ED3225960248E88A0AD117 /* OpenSans_SemiCondensed-LightItalic.ttf */,
				964EC0C7611B43F19573B0A1 /* OpenSans_SemiCondensed-Medium.ttf */,
				69E5BAB5EACC479893B217AB /* OpenSans_SemiCondensed-MediumItalic.ttf */,
				26053934AEA746D991A52D69 /* OpenSans_SemiCondensed-Regular.ttf */,
				950D6E8870414FE9B051BAE9 /* OpenSans_SemiCondensed-SemiBold.ttf */,
				78C0B389ED87484EBB27147C /* OpenSans_SemiCondensed-SemiBoldItalic.ttf */,
				50F60430B6CB413EAB27AD24 /* OpenSans-Bold.ttf */,
				F8AE7901DF5D4421A29BB26F /* OpenSans-BoldItalic.ttf */,
				0FB995ACE4D0422EAF85D18A /* OpenSans-ExtraBold.ttf */,
				22168B4B300A405D908BA1F4 /* OpenSans-ExtraBoldItalic.ttf */,
				624295F8AD9C4B38A0017E03 /* OpenSans-Italic.ttf */,
				35185A656DD3415E994EC9A6 /* OpenSans-Light.ttf */,
				95444591DFEB47C3B75FCED4 /* OpenSans-LightItalic.ttf */,
				7A9523609CAD4C4A941887C4 /* OpenSans-Medium.ttf */,
				FA6CBC70DC5A497CBB746A7E /* OpenSans-MediumItalic.ttf */,
				1670699D4F4443059942A63E /* OpenSans-Regular.ttf */,
				4D6D20A7699C431EBE515D03 /* OpenSans-SemiBold.ttf */,
				56084371EF1C42D0B9A280BE /* OpenSans-SemiBoldItalic.ttf */,
			);
			name = Resources;
			path = "";
			sourceTree = "<group>";
		};
		2D16E6871FA4F8E400B85C8A /* Frameworks */ = {
			isa = PBXGroup;
			children = (
				ED297162215061F000B7C4FE /* JavaScriptCore.framework */,
				5DCACB8F33CDC322A6C60F78 /* libPods-SnakSnak16642.a */,
				19F6CBCC0A4E27FBF8BF4A61 /* libPods-SnakSnak16642-SnakSnak16642Tests.a */,
			);
			name = Frameworks;
			sourceTree = "<group>";
		};
		832341AE1AAA6A7D00B99B32 /* Libraries */ = {
			isa = PBXGroup;
			children = (
			);
			name = Libraries;
			sourceTree = "<group>";
		};
		83CBB9F61A601CBA00E9B192 = {
			isa = PBXGroup;
			children = (
				13B07FAE1A68108700A75B9A /* SnakSnak16642 */,
				832341AE1AAA6A7D00B99B32 /* Libraries */,
				00E356EF1AD99517003FC87E /* SnakSnak16642Tests */,
				83CBBA001A601CBA00E9B192 /* Products */,
				2D16E6871FA4F8E400B85C8A /* Frameworks */,
				BBD78D7AC51CEA395F1C20DB /* Pods */,
				1B2B6A5538FF4ABE9534189E /* Resources */,
			);
			indentWidth = 2;
			sourceTree = "<group>";
			tabWidth = 2;
			usesTabs = 0;
		};
		83CBBA001A601CBA00E9B192 /* Products */ = {
			isa = PBXGroup;
			children = (
				13B07F961A680F5B00A75B9A /* SnakSnak16642.app */,
				00E356EE1AD99517003FC87E /* SnakSnak16642Tests.xctest */,
			);
			name = Products;
			sourceTree = "<group>";
		};
		BBD78D7AC51CEA395F1C20DB /* Pods */ = {
			isa = PBXGroup;
			children = (
				3B4392A12AC88292D35C810B /* Pods-SnakSnak16642.debug.xcconfig */,
				5709B34CF0A7D63546082F79 /* Pods-SnakSnak16642.release.xcconfig */,
				5B7EB9410499542E8C5724F5 /* Pods-SnakSnak16642-SnakSnak16642Tests.debug.xcconfig */,
				89C6BE57DB24E9ADA2F236DE /* Pods-SnakSnak16642-SnakSnak16642Tests.release.xcconfig */,
			);
			path = Pods;
			sourceTree = "<group>";
		};
/* End PBXGroup section */

/* Begin PBXNativeTarget section */
		00E356ED1AD99517003FC87E /* SnakSnak16642Tests */ = {
			isa = PBXNativeTarget;
			buildConfigurationList = 00E357021AD99517003FC87E /* Build configuration list for PBXNativeTarget "SnakSnak16642Tests" */;
			buildPhases = (
				A55EABD7B0C7F3A422A6CC61 /* [CP] Check Pods Manifest.lock */,
				00E356EA1AD99517003FC87E /* Sources */,
				00E356EB1AD99517003FC87E /* Frameworks */,
				00E356EC1AD99517003FC87E /* Resources */,
				C59DA0FBD6956966B86A3779 /* [CP] Embed Pods Frameworks */,
				F6A41C54EA430FDDC6A6ED99 /* [CP] Copy Pods Resources */,
			);
			buildRules = (
			);
			dependencies = (
				00E356F51AD99517003FC87E /* PBXTargetDependency */,
			);
			name = SnakSnak16642Tests;
			productName = SnakSnak16642Tests;
			productReference = 00E356EE1AD99517003FC87E /* SnakSnak16642Tests.xctest */;
			productType = "com.apple.product-type.bundle.unit-test";
		};
		13B07F861A680F5B00A75B9A /* SnakSnak16642 */ = {
			isa = PBXNativeTarget;
			buildConfigurationList = 13B07F931A680F5B00A75B9A /* Build configuration list for PBXNativeTarget "SnakSnak16642" */;
			buildPhases = (
				C38B50BA6285516D6DCD4F65 /* [CP] Check Pods Manifest.lock */,
				FD10A7F022414F080027D42C /* Start Packager */,
				13B07F871A680F5B00A75B9A /* Sources */,
				13B07F8C1A680F5B00A75B9A /* Frameworks */,
				13B07F8E1A680F5B00A75B9A /* Resources */,
				00DD1BFF1BD5951E006B06BC /* Bundle React Native code and images */,
				00EEFC60759A1932668264C0 /* [CP] Embed Pods Frameworks */,
				E235C05ADACE081382539298 /* [CP] Copy Pods Resources */,
			);
			buildRules = (
			);
			dependencies = (
			);
			name = SnakSnak16642;
			productName = SnakSnak16642;
			productReference = 13B07F961A680F5B00A75B9A /* SnakSnak16642.app */;
			productType = "com.apple.product-type.application";
		};
/* End PBXNativeTarget section */

/* Begin PBXProject section */
		83CBB9F71A601CBA00E9B192 /* Project object */ = {
			isa = PBXProject;
			attributes = {
				LastUpgradeCheck = 1210;
				TargetAttributes = {
					00E356ED1AD99517003FC87E = {
						CreatedOnToolsVersion = 6.2;
						TestTargetID = 13B07F861A680F5B00A75B9A;
					};
					13B07F861A680F5B00A75B9A = {
						LastSwiftMigration = 1120;
					};
				};
			};
			buildConfigurationList = 83CBB9FA1A601CBA00E9B192 /* Build configuration list for PBXProject "SnakSnak16642" */;
			compatibilityVersion = "Xcode 12.0";
			developmentRegion = en;
			hasScannedForEncodings = 0;
			knownRegions = (
				en,
				Base,
			);
			mainGroup = 83CBB9F61A601CBA00E9B192;
			productRefGroup = 83CBBA001A601CBA00E9B192 /* Products */;
			projectDirPath = "";
			projectRoot = "";
			targets = (
				13B07F861A680F5B00A75B9A /* SnakSnak16642 */,
				00E356ED1AD99517003FC87E /* SnakSnak16642Tests */,
			);
		};
/* End PBXProject section */

/* Begin PBXResourcesBuildPhase section */
		00E356EC1AD99517003FC87E /* Resources */ = {
			isa = PBXResourcesBuildPhase;
			buildActionMask = 2147483647;
			files = (
			);
			runOnlyForDeploymentPostprocessing = 0;
		};
		13B07F8E1A680F5B00A75B9A /* Resources */ = {
			isa = PBXResourcesBuildPhase;
			buildActionMask = 2147483647;
			files = (
				81AB9BB82411601600AC10FF /* LaunchScreen.storyboard in Resources */,
				13B07FBF1A68108700A75B9A /* Images.xcassets in Resources */,
				E5500AE8A21D4924A434CA8C /* OpenSans-Italic-VariableFont_wdth,wght.ttf in Resources */,
				A16595DEF0AC41318FCBB4A6 /* OpenSans-VariableFont_wdth,wght.ttf in Resources */,
				6CB4DDAEEAE04EC5A94795F7 /* OpenSans_Condensed-Bold.ttf in Resources */,
				0ECC5F14F276400082E77D65 /* OpenSans_Condensed-BoldItalic.ttf in Resources */,
				FFC512DA12AE4E9BA0D891D4 /* OpenSans_Condensed-ExtraBold.ttf in Resources */,
				4AAD2D44E85744DBB0333F1D /* OpenSans_Condensed-ExtraBoldItalic.ttf in Resources */,
				6AFB1528CCC7432A87239214 /* OpenSans_Condensed-Italic.ttf in Resources */,
				EC585A3BF6E8490CB0F19337 /* OpenSans_Condensed-Light.ttf in Resources */,
				24E29A1352974065811779D5 /* OpenSans_Condensed-LightItalic.ttf in Resources */,
				93A7ACCE9428491FA7415C78 /* OpenSans_Condensed-Medium.ttf in Resources */,
				C81AE6D0B8CF484DBB4975B3 /* OpenSans_Condensed-MediumItalic.ttf in Resources */,
				E6789A48487040F794994733 /* OpenSans_Condensed-Regular.ttf in Resources */,
				72ACCE3449CD47BAA1A28FF5 /* OpenSans_Condensed-SemiBold.ttf in Resources */,
				25A62AE11B7B45E1AD0F9C7F /* OpenSans_Condensed-SemiBoldItalic.ttf in Resources */,
				DD3AADC057704FC39FE4935D /* OpenSans_SemiCondensed-Bold.ttf in Resources */,
				D38D9B35B4B44E4DB74059B9 /* OpenSans_SemiCondensed-BoldItalic.ttf in Resources */,
				C8D3168161EE446B896CF898 /* OpenSans_SemiCondensed-ExtraBold.ttf in Resources */,
				C1726B6418BF4E578426C600 /* OpenSans_SemiCondensed-ExtraBoldItalic.ttf in Resources */,
				E1C2115AD4124112B2B6D647 /* OpenSans_SemiCondensed-Italic.ttf in Resources */,
				6B6651120EAD44A797E6EA0A /* OpenSans_SemiCondensed-Light.ttf in Resources */,
				07B815CDB6D24488AC77CCCA /* OpenSans_SemiCondensed-LightItalic.ttf in Resources */,
				88D65DD4F05E4043ACB2208B /* OpenSans_SemiCondensed-Medium.ttf in Resources */,
				057549B986194ECB8B76EB6E /* OpenSans_SemiCondensed-MediumItalic.ttf in Resources */,
				1E7A171470E24E74B5D222F4 /* OpenSans_SemiCondensed-Regular.ttf in Resources */,
				55498B2221904B689703B09E /* OpenSans_SemiCondensed-SemiBold.ttf in Resources */,
				1311AEFA471E491984394BE5 /* OpenSans_SemiCondensed-SemiBoldItalic.ttf in Resources */,
				CB4F9656CCF04D02883A7132 /* OpenSans-Bold.ttf in Resources */,
				BBB1955C35FB489B8A56F447 /* OpenSans-BoldItalic.ttf in Resources */,
				6486D86019114135A93B2442 /* OpenSans-ExtraBold.ttf in Resources */,
				724C20C138E5476B893102AF /* OpenSans-ExtraBoldItalic.ttf in Resources */,
				96B32CB8382045808059BD54 /* OpenSans-Italic.ttf in Resources */,
				61E57AE311A1408BA84070AF /* OpenSans-Light.ttf in Resources */,
				57E84E02FF0A43329F0267CA /* OpenSans-LightItalic.ttf in Resources */,
				BBF15C23B9424520AD7A2C20 /* OpenSans-Medium.ttf in Resources */,
				EDD0A52238014C93B1877A3E /* OpenSans-MediumItalic.ttf in Resources */,
				390933FA47D148E5986C9CFF /* OpenSans-Regular.ttf in Resources */,
				945BF191D0284CE69CC4ADC8 /* OpenSans-SemiBold.ttf in Resources */,
				7156CF12E5DE41E8BD960D1C /* OpenSans-SemiBoldItalic.ttf in Resources */,
			);
			runOnlyForDeploymentPostprocessing = 0;
		};
/* End PBXResourcesBuildPhase section */

/* Begin PBXShellScriptBuildPhase section */
		00DD1BFF1BD5951E006B06BC /* Bundle React Native code and images */ = {
			isa = PBXShellScriptBuildPhase;
			buildActionMask = 2147483647;
			files = (
			);
			inputPaths = (
			);
			name = "Bundle React Native code and images";
			outputPaths = (
			);
			runOnlyForDeploymentPostprocessing = 0;
			shellPath = /bin/sh;
			shellScript = "set -e\n\nexport NODE_BINARY=node\n../node_modules/react-native/scripts/react-native-xcode.sh\n";
		};
		00EEFC60759A1932668264C0 /* [CP] Embed Pods Frameworks */ = {
			isa = PBXShellScriptBuildPhase;
			buildActionMask = 2147483647;
			files = (
			);
			inputFileListPaths = (
				"${PODS_ROOT}/Target Support Files/Pods-SnakSnak16642/Pods-SnakSnak16642-frameworks-${CONFIGURATION}-input-files.xcfilelist",
			);
			name = "[CP] Embed Pods Frameworks";
			outputFileListPaths = (
				"${PODS_ROOT}/Target Support Files/Pods-SnakSnak16642/Pods-SnakSnak16642-frameworks-${CONFIGURATION}-output-files.xcfilelist",
			);
			runOnlyForDeploymentPostprocessing = 0;
			shellPath = /bin/sh;
			shellScript = "\"${PODS_ROOT}/Target Support Files/Pods-SnakSnak16642/Pods-SnakSnak16642-frameworks.sh\"\n";
			showEnvVarsInLog = 0;
		};
		A55EABD7B0C7F3A422A6CC61 /* [CP] Check Pods Manifest.lock */ = {
			isa = PBXShellScriptBuildPhase;
			buildActionMask = 2147483647;
			files = (
			);
			inputFileListPaths = (
			);
			inputPaths = (
				"${PODS_PODFILE_DIR_PATH}/Podfile.lock",
				"${PODS_ROOT}/Manifest.lock",
			);
			name = "[CP] Check Pods Manifest.lock";
			outputFileListPaths = (
			);
			outputPaths = (
				"$(DERIVED_FILE_DIR)/Pods-SnakSnak16642-SnakSnak16642Tests-checkManifestLockResult.txt",
			);
			runOnlyForDeploymentPostprocessing = 0;
			shellPath = /bin/sh;
			shellScript = "diff \"${PODS_PODFILE_DIR_PATH}/Podfile.lock\" \"${PODS_ROOT}/Manifest.lock\" > /dev/null\nif [ $? != 0 ] ; then\n    # print error to STDERR\n    echo \"error: The sandbox is not in sync with the Podfile.lock. Run 'pod install' or update your CocoaPods installation.\" >&2\n    exit 1\nfi\n# This output is used by Xcode 'outputs' to avoid re-running this script phase.\necho \"SUCCESS\" > \"${SCRIPT_OUTPUT_FILE_0}\"\n";
			showEnvVarsInLog = 0;
		};
		C38B50BA6285516D6DCD4F65 /* [CP] Check Pods Manifest.lock */ = {
			isa = PBXShellScriptBuildPhase;
			buildActionMask = 2147483647;
			files = (
			);
			inputFileListPaths = (
			);
			inputPaths = (
				"${PODS_PODFILE_DIR_PATH}/Podfile.lock",
				"${PODS_ROOT}/Manifest.lock",
			);
			name = "[CP] Check Pods Manifest.lock";
			outputFileListPaths = (
			);
			outputPaths = (
				"$(DERIVED_FILE_DIR)/Pods-SnakSnak16642-checkManifestLockResult.txt",
			);
			runOnlyForDeploymentPostprocessing = 0;
			shellPath = /bin/sh;
			shellScript = "diff \"${PODS_PODFILE_DIR_PATH}/Podfile.lock\" \"${PODS_ROOT}/Manifest.lock\" > /dev/null\nif [ $? != 0 ] ; then\n    # print error to STDERR\n    echo \"error: The sandbox is not in sync with the Podfile.lock. Run 'pod install' or update your CocoaPods installation.\" >&2\n    exit 1\nfi\n# This output is used by Xcode 'outputs' to avoid re-running this script phase.\necho \"SUCCESS\" > \"${SCRIPT_OUTPUT_FILE_0}\"\n";
			showEnvVarsInLog = 0;
		};
		C59DA0FBD6956966B86A3779 /* [CP] Embed Pods Frameworks */ = {
			isa = PBXShellScriptBuildPhase;
			buildActionMask = 2147483647;
			files = (
			);
			inputFileListPaths = (
				"${PODS_ROOT}/Target Support Files/Pods-SnakSnak16642-SnakSnak16642Tests/Pods-SnakSnak16642-SnakSnak16642Tests-frameworks-${CONFIGURATION}-input-files.xcfilelist",
			);
			name = "[CP] Embed Pods Frameworks";
			outputFileListPaths = (
				"${PODS_ROOT}/Target Support Files/Pods-SnakSnak16642-SnakSnak16642Tests/Pods-SnakSnak16642-SnakSnak16642Tests-frameworks-${CONFIGURATION}-output-files.xcfilelist",
			);
			runOnlyForDeploymentPostprocessing = 0;
			shellPath = /bin/sh;
			shellScript = "\"${PODS_ROOT}/Target Support Files/Pods-SnakSnak16642-SnakSnak16642Tests/Pods-SnakSnak16642-SnakSnak16642Tests-frameworks.sh\"\n";
			showEnvVarsInLog = 0;
		};
		E235C05ADACE081382539298 /* [CP] Copy Pods Resources */ = {
			isa = PBXShellScriptBuildPhase;
			buildActionMask = 2147483647;
			files = (
			);
			inputFileListPaths = (
				"${PODS_ROOT}/Target Support Files/Pods-SnakSnak16642/Pods-SnakSnak16642-resources-${CONFIGURATION}-input-files.xcfilelist",
			);
			name = "[CP] Copy Pods Resources";
			outputFileListPaths = (
				"${PODS_ROOT}/Target Support Files/Pods-SnakSnak16642/Pods-SnakSnak16642-resources-${CONFIGURATION}-output-files.xcfilelist",
			);
			runOnlyForDeploymentPostprocessing = 0;
			shellPath = /bin/sh;
			shellScript = "\"${PODS_ROOT}/Target Support Files/Pods-SnakSnak16642/Pods-SnakSnak16642-resources.sh\"\n";
			showEnvVarsInLog = 0;
		};
		F6A41C54EA430FDDC6A6ED99 /* [CP] Copy Pods Resources */ = {
			isa = PBXShellScriptBuildPhase;
			buildActionMask = 2147483647;
			files = (
			);
			inputFileListPaths = (
				"${PODS_ROOT}/Target Support Files/Pods-SnakSnak16642-SnakSnak16642Tests/Pods-SnakSnak16642-SnakSnak16642Tests-resources-${CONFIGURATION}-input-files.xcfilelist",
			);
			name = "[CP] Copy Pods Resources";
			outputFileListPaths = (
				"${PODS_ROOT}/Target Support Files/Pods-SnakSnak16642-SnakSnak16642Tests/Pods-SnakSnak16642-SnakSnak16642Tests-resources-${CONFIGURATION}-output-files.xcfilelist",
			);
			runOnlyForDeploymentPostprocessing = 0;
			shellPath = /bin/sh;
			shellScript = "\"${PODS_ROOT}/Target Support Files/Pods-SnakSnak16642-SnakSnak16642Tests/Pods-SnakSnak16642-SnakSnak16642Tests-resources.sh\"\n";
			showEnvVarsInLog = 0;
		};
		FD10A7F022414F080027D42C /* Start Packager */ = {
			isa = PBXShellScriptBuildPhase;
			buildActionMask = 2147483647;
			files = (
			);
			inputFileListPaths = (
			);
			inputPaths = (
			);
			name = "Start Packager";
			outputFileListPaths = (
			);
			outputPaths = (
			);
			runOnlyForDeploymentPostprocessing = 0;
			shellPath = /bin/sh;
			shellScript = "export RCT_METRO_PORT=\"${RCT_METRO_PORT:=8081}\"\necho \"export RCT_METRO_PORT=${RCT_METRO_PORT}\" > \"${SRCROOT}/../node_modules/react-native/scripts/.packager.env\"\nif [ -z \"${RCT_NO_LAUNCH_PACKAGER+xxx}\" ] ; then\n  if nc -w 5 -z localhost ${RCT_METRO_PORT} ; then\n    if ! curl -s \"http://localhost:${RCT_METRO_PORT}/status\" | grep -q \"packager-status:running\" ; then\n      echo \"Port ${RCT_METRO_PORT} already in use, packager is either not running or not running correctly\"\n      exit 2\n    fi\n  else\n    open \"$SRCROOT/../node_modules/react-native/scripts/launchPackager.command\" || echo \"Can't start packager automatically\"\n  fi\nfi\n";
			showEnvVarsInLog = 0;
		};
/* End PBXShellScriptBuildPhase section */

/* Begin PBXSourcesBuildPhase section */
		00E356EA1AD99517003FC87E /* Sources */ = {
			isa = PBXSourcesBuildPhase;
			buildActionMask = 2147483647;
			files = (
				00E356F31AD99517003FC87E /* SnakSnak16642Tests.m in Sources */,
			);
			runOnlyForDeploymentPostprocessing = 0;
		};
		13B07F871A680F5B00A75B9A /* Sources */ = {
			isa = PBXSourcesBuildPhase;
			buildActionMask = 2147483647;
			files = (
				13B07FBC1A68108700A75B9A /* AppDelegate.mm in Sources */,
				13B07FC11A68108700A75B9A /* main.m in Sources */,
			);
			runOnlyForDeploymentPostprocessing = 0;
		};
/* End PBXSourcesBuildPhase section */

/* Begin PBXTargetDependency section */
		00E356F51AD99517003FC87E /* PBXTargetDependency */ = {
			isa = PBXTargetDependency;
			target = 13B07F861A680F5B00A75B9A /* SnakSnak16642 */;
			targetProxy = 00E356F41AD99517003FC87E /* PBXContainerItemProxy */;
		};
/* End PBXTargetDependency section */

/* Begin XCBuildConfiguration section */
		00E356F61AD99517003FC87E /* Debug */ = {
			isa = XCBuildConfiguration;
			baseConfigurationReference = 5B7EB9410499542E8C5724F5 /* Pods-SnakSnak16642-SnakSnak16642Tests.debug.xcconfig */;
			buildSettings = {
				BUNDLE_LOADER = "$(TEST_HOST)";
				GCC_PREPROCESSOR_DEFINITIONS = (
					"DEBUG=1",
					"$(inherited)",
				);
				INFOPLIST_FILE = SnakSnak16642Tests/Info.plist;
				IPHONEOS_DEPLOYMENT_TARGET = 11.0;
				LD_RUNPATH_SEARCH_PATHS = (
					"$(inherited)",
					"@executable_path/Frameworks",
					"@loader_path/Frameworks",
				);
				OTHER_LDFLAGS = (
					"-ObjC",
					"-lc++",
					"$(inherited)",
				);
				PRODUCT_BUNDLE_IDENTIFIER = "org.reactjs.native.example.$(PRODUCT_NAME:rfc1034identifier)";
				PRODUCT_NAME = "$(TARGET_NAME)";
				TEST_HOST = "$(BUILT_PRODUCTS_DIR)/SnakSnak16642.app/SnakSnak16642";
			};
			name = Debug;
		};
		00E356F71AD99517003FC87E /* Release */ = {
			isa = XCBuildConfiguration;
			baseConfigurationReference = 89C6BE57DB24E9ADA2F236DE /* Pods-SnakSnak16642-SnakSnak16642Tests.release.xcconfig */;
			buildSettings = {
				BUNDLE_LOADER = "$(TEST_HOST)";
				COPY_PHASE_STRIP = NO;
				INFOPLIST_FILE = SnakSnak16642Tests/Info.plist;
				IPHONEOS_DEPLOYMENT_TARGET = 11.0;
				LD_RUNPATH_SEARCH_PATHS = (
					"$(inherited)",
					"@executable_path/Frameworks",
					"@loader_path/Frameworks",
				);
				OTHER_LDFLAGS = (
					"-ObjC",
					"-lc++",
					"$(inherited)",
				);
				PRODUCT_BUNDLE_IDENTIFIER = "org.reactjs.native.example.$(PRODUCT_NAME:rfc1034identifier)";
				PRODUCT_NAME = "$(TARGET_NAME)";
				TEST_HOST = "$(BUILT_PRODUCTS_DIR)/SnakSnak16642.app/SnakSnak16642";
			};
			name = Release;
		};
		13B07F941A680F5B00A75B9A /* Debug */ = {
			isa = XCBuildConfiguration;
			baseConfigurationReference = 3B4392A12AC88292D35C810B /* Pods-SnakSnak16642.debug.xcconfig */;
			buildSettings = {
				ASSETCATALOG_COMPILER_APPICON_NAME = AppIcon;
				CLANG_ENABLE_MODULES = YES;
				CURRENT_PROJECT_VERSION = 1;
				ENABLE_BITCODE = NO;
				INFOPLIST_FILE = SnakSnak16642/Info.plist;
				LD_RUNPATH_SEARCH_PATHS = (
					"$(inherited)",
					"@executable_path/Frameworks",
				);
				OTHER_LDFLAGS = (
					"$(inherited)",
					"-ObjC",
					"-lc++",
				);
				PRODUCT_BUNDLE_IDENTIFIER = "org.reactjs.native.example.$(PRODUCT_NAME:rfc1034identifier)";
				PRODUCT_NAME = SnakSnak16642;
				SWIFT_OPTIMIZATION_LEVEL = "-Onone";
				SWIFT_VERSION = 5.0;
				VERSIONING_SYSTEM = "apple-generic";
			};
			name = Debug;
		};
		13B07F951A680F5B00A75B9A /* Release */ = {
			isa = XCBuildConfiguration;
			baseConfigurationReference = 5709B34CF0A7D63546082F79 /* Pods-SnakSnak16642.release.xcconfig */;
			buildSettings = {
				ASSETCATALOG_COMPILER_APPICON_NAME = AppIcon;
				CLANG_ENABLE_MODULES = YES;
				CURRENT_PROJECT_VERSION = 1;
				INFOPLIST_FILE = SnakSnak16642/Info.plist;
				LD_RUNPATH_SEARCH_PATHS = (
					"$(inherited)",
					"@executable_path/Frameworks",
				);
				OTHER_LDFLAGS = (
					"$(inherited)",
					"-ObjC",
					"-lc++",
				);
				PRODUCT_BUNDLE_IDENTIFIER = "org.reactjs.native.example.$(PRODUCT_NAME:rfc1034identifier)";
				PRODUCT_NAME = SnakSnak16642;
				SWIFT_VERSION = 5.0;
				VERSIONING_SYSTEM = "apple-generic";
			};
			name = Release;
		};
		83CBBA201A601CBA00E9B192 /* Debug */ = {
			isa = XCBuildConfiguration;
			buildSettings = {
				ALWAYS_SEARCH_USER_PATHS = NO;
				CLANG_ANALYZER_LOCALIZABILITY_NONLOCALIZED = YES;
				CLANG_CXX_LANGUAGE_STANDARD = "c++17";
				CLANG_CXX_LIBRARY = "libc++";
				CLANG_ENABLE_MODULES = YES;
				CLANG_ENABLE_OBJC_ARC = YES;
				CLANG_WARN_BLOCK_CAPTURE_AUTORELEASING = YES;
				CLANG_WARN_BOOL_CONVERSION = YES;
				CLANG_WARN_COMMA = YES;
				CLANG_WARN_CONSTANT_CONVERSION = YES;
				CLANG_WARN_DEPRECATED_OBJC_IMPLEMENTATIONS = YES;
				CLANG_WARN_DIRECT_OBJC_ISA_USAGE = YES_ERROR;
				CLANG_WARN_EMPTY_BODY = YES;
				CLANG_WARN_ENUM_CONVERSION = YES;
				CLANG_WARN_INFINITE_RECURSION = YES;
				CLANG_WARN_INT_CONVERSION = YES;
				CLANG_WARN_NON_LITERAL_NULL_CONVERSION = YES;
				CLANG_WARN_OBJC_IMPLICIT_RETAIN_SELF = YES;
				CLANG_WARN_OBJC_LITERAL_CONVERSION = YES;
				CLANG_WARN_OBJC_ROOT_CLASS = YES_ERROR;
				CLANG_WARN_QUOTED_INCLUDE_IN_FRAMEWORK_HEADER = YES;
				CLANG_WARN_RANGE_LOOP_ANALYSIS = YES;
				CLANG_WARN_STRICT_PROTOTYPES = YES;
				CLANG_WARN_SUSPICIOUS_MOVE = YES;
				CLANG_WARN_UNREACHABLE_CODE = YES;
				CLANG_WARN__DUPLICATE_METHOD_MATCH = YES;
				"CODE_SIGN_IDENTITY[sdk=iphoneos*]" = "iPhone Developer";
				COPY_PHASE_STRIP = NO;
				ENABLE_STRICT_OBJC_MSGSEND = YES;
				ENABLE_TESTABILITY = YES;
				"EXCLUDED_ARCHS[sdk=iphonesimulator*]" = "";
				GCC_C_LANGUAGE_STANDARD = gnu99;
				GCC_DYNAMIC_NO_PIC = NO;
				GCC_NO_COMMON_BLOCKS = YES;
				GCC_OPTIMIZATION_LEVEL = 0;
				GCC_PREPROCESSOR_DEFINITIONS = (
					"DEBUG=1",
					"$(inherited)",
				);
				GCC_SYMBOLS_PRIVATE_EXTERN = NO;
				GCC_WARN_64_TO_32_BIT_CONVERSION = YES;
				GCC_WARN_ABOUT_RETURN_TYPE = YES_ERROR;
				GCC_WARN_UNDECLARED_SELECTOR = YES;
				GCC_WARN_UNINITIALIZED_AUTOS = YES_AGGRESSIVE;
				GCC_WARN_UNUSED_FUNCTION = YES;
				GCC_WARN_UNUSED_VARIABLE = YES;
				IPHONEOS_DEPLOYMENT_TARGET = 11.0;
				LD_RUNPATH_SEARCH_PATHS = (
					/usr/lib/swift,
					"$(inherited)",
				);
				LIBRARY_SEARCH_PATHS = (
					"\"$(SDKROOT)/usr/lib/swift\"",
					"\"$(TOOLCHAIN_DIR)/usr/lib/swift/$(PLATFORM_NAME)\"",
					"\"$(inherited)\"",
				);
				MTL_ENABLE_DEBUG_INFO = YES;
				ONLY_ACTIVE_ARCH = YES;
				OTHER_CPLUSPLUSFLAGS = (
					"$(OTHER_CFLAGS)",
					"-DFOLLY_NO_CONFIG",
					"-DFOLLY_MOBILE=1",
					"-DFOLLY_USE_LIBCPP=1",
				);
				SDKROOT = iphoneos;
			};
			name = Debug;
		};
		83CBBA211A601CBA00E9B192 /* Release */ = {
			isa = XCBuildConfiguration;
			buildSettings = {
				ALWAYS_SEARCH_USER_PATHS = NO;
				CLANG_ANALYZER_LOCALIZABILITY_NONLOCALIZED = YES;
				CLANG_CXX_LANGUAGE_STANDARD = "c++17";
				CLANG_CXX_LIBRARY = "libc++";
				CLANG_ENABLE_MODULES = YES;
				CLANG_ENABLE_OBJC_ARC = YES;
				CLANG_WARN_BLOCK_CAPTURE_AUTORELEASING = YES;
				CLANG_WARN_BOOL_CONVERSION = YES;
				CLANG_WARN_COMMA = YES;
				CLANG_WARN_CONSTANT_CONVERSION = YES;
				CLANG_WARN_DEPRECATED_OBJC_IMPLEMENTATIONS = YES;
				CLANG_WARN_DIRECT_OBJC_ISA_USAGE = YES_ERROR;
				CLANG_WARN_EMPTY_BODY = YES;
				CLANG_WARN_ENUM_CONVERSION = YES;
				CLANG_WARN_INFINITE_RECURSION = YES;
				CLANG_WARN_INT_CONVERSION = YES;
				CLANG_WARN_NON_LITERAL_NULL_CONVERSION = YES;
				CLANG_WARN_OBJC_IMPLICIT_RETAIN_SELF = YES;
				CLANG_WARN_OBJC_LITERAL_CONVERSION = YES;
				CLANG_WARN_OBJC_ROOT_CLASS = YES_ERROR;
				CLANG_WARN_QUOTED_INCLUDE_IN_FRAMEWORK_HEADER = YES;
				CLANG_WARN_RANGE_LOOP_ANALYSIS = YES;
				CLANG_WARN_STRICT_PROTOTYPES = YES;
				CLANG_WARN_SUSPICIOUS_MOVE = YES;
				CLANG_WARN_UNREACHABLE_CODE = YES;
				CLANG_WARN__DUPLICATE_METHOD_MATCH = YES;
				"CODE_SIGN_IDENTITY[sdk=iphoneos*]" = "iPhone Developer";
				COPY_PHASE_STRIP = YES;
				ENABLE_NS_ASSERTIONS = NO;
				ENABLE_STRICT_OBJC_MSGSEND = YES;
				"EXCLUDED_ARCHS[sdk=iphonesimulator*]" = "";
				GCC_C_LANGUAGE_STANDARD = gnu99;
				GCC_NO_COMMON_BLOCKS = YES;
				GCC_WARN_64_TO_32_BIT_CONVERSION = YES;
				GCC_WARN_ABOUT_RETURN_TYPE = YES_ERROR;
				GCC_WARN_UNDECLARED_SELECTOR = YES;
				GCC_WARN_UNINITIALIZED_AUTOS = YES_AGGRESSIVE;
				GCC_WARN_UNUSED_FUNCTION = YES;
				GCC_WARN_UNUSED_VARIABLE = YES;
				IPHONEOS_DEPLOYMENT_TARGET = 11.0;
				LD_RUNPATH_SEARCH_PATHS = (
					/usr/lib/swift,
					"$(inherited)",
				);
				LIBRARY_SEARCH_PATHS = (
					"\"$(SDKROOT)/usr/lib/swift\"",
					"\"$(TOOLCHAIN_DIR)/usr/lib/swift/$(PLATFORM_NAME)\"",
					"\"$(inherited)\"",
				);
				MTL_ENABLE_DEBUG_INFO = NO;
				OTHER_CPLUSPLUSFLAGS = (
					"$(OTHER_CFLAGS)",
					"-DFOLLY_NO_CONFIG",
					"-DFOLLY_MOBILE=1",
					"-DFOLLY_USE_LIBCPP=1",
				);
				SDKROOT = iphoneos;
				VALIDATE_PRODUCT = YES;
			};
			name = Release;
		};
/* End XCBuildConfiguration section */

/* Begin XCConfigurationList section */
		00E357021AD99517003FC87E /* Build configuration list for PBXNativeTarget "SnakSnak16642Tests" */ = {
			isa = XCConfigurationList;
			buildConfigurations = (
				00E356F61AD99517003FC87E /* Debug */,
				00E356F71AD99517003FC87E /* Release */,
			);
			defaultConfigurationIsVisible = 0;
			defaultConfigurationName = Release;
		};
		13B07F931A680F5B00A75B9A /* Build configuration list for PBXNativeTarget "SnakSnak16642" */ = {
			isa = XCConfigurationList;
			buildConfigurations = (
				13B07F941A680F5B00A75B9A /* Debug */,
				13B07F951A680F5B00A75B9A /* Release */,
			);
			defaultConfigurationIsVisible = 0;
			defaultConfigurationName = Release;
		};
		83CBB9FA1A601CBA00E9B192 /* Build configuration list for PBXProject "SnakSnak16642" */ = {
			isa = XCConfigurationList;
			buildConfigurations = (
				83CBBA201A601CBA00E9B192 /* Debug */,
				83CBBA211A601CBA00E9B192 /* Release */,
			);
			defaultConfigurationIsVisible = 0;
			defaultConfigurationName = Release;
		};
/* End XCConfigurationList section */
	};
	rootObject = 83CBB9F71A601CBA00E9B192 /* Project object */;
}
